
Microsoft Visual Studio Solution File, Format Version 12.00
# Visual Studio Version 17
VisualStudioVersion = 17.3.32825.248
MinimumVisualStudioVersion = 10.0.40219.1
Project("{9A19103F-16F7-4668-BE54-9A1E7A4F7556}") = "FlowerShopManagement.Core", "FlowerShopManagement.Core\FlowerShopManagement.Core.csproj", "{6EE23D81-B92C-4C4D-857F-9BF9D1365B86}"
EndProject
Project("{9A19103F-16F7-4668-BE54-9A1E7A4F7556}") = "FlowerShopManagement.Infrustructure", "FlowerShopManagement.Infrustructure\FlowerShopManagement.Infrustructure.csproj", "{923DA1EB-5978-431E-86DB-BC94F23AE8F5}"
EndProject
Project("{9A19103F-16F7-4668-BE54-9A1E7A4F7556}") = "FlowerShopManagement.Application", "FlowerShopManagement.Application\FlowerShopManagement.Application.csproj", "{0272275F-4991-4899-A7AE-C6F218803A7C}"
EndProject
Project("{2150E333-8FDC-42A3-9474-1A3956D46DE8}") = "source", "source", "{9F3841BE-9874-482E-9915-F3C24F475510}"
EndProject
Project("{2150E333-8FDC-42A3-9474-1A3956D46DE8}") = "test", "test", "{2A9F22C9-037A-423E-A51E-8D647BBBF9D1}"
EndProject
Project("{9A19103F-16F7-4668-BE54-9A1E7A4F7556}") = "FlowerShopManagement.Web", "FlowerShopManagement.Web\FlowerShopManagement.Web.csproj", "{5A8805F4-82BA-49B4-850A-D9ABB0054CF6}"
EndProject
Project("{9A19103F-16F7-4668-BE54-9A1E7A4F7556}") = "FlowerShopManagement.WebAPI", "FlowerShopManagement.WebAPI\FlowerShopManagement.WebAPI.csproj", "{29D6EC36-7D19-4275-8D28-B40E3EC8FA37}"
EndProject
Project("{FAE04EC0-301F-11D3-BF4B-00C04F79EFBC}") = "TestProject", "Test\TestProject\TestProject.csproj", "{786B3460-8B2B-4DED-9A13-BC697DC5D696}"
EndProject
Global
	GlobalSection(SolutionConfigurationPlatforms) = preSolution
		Debug|Any CPU = Debug|Any CPU
		Release|Any CPU = Release|Any CPU
	EndGlobalSection
	GlobalSection(ProjectConfigurationPlatforms) = postSolution
		{6EE23D81-B92C-4C4D-857F-9BF9D1365B86}.Debug|Any CPU.ActiveCfg = Debug|Any CPU
		{6EE23D81-B92C-4C4D-857F-9BF9D1365B86}.Debug|Any CPU.Build.0 = Debug|Any CPU
		{6EE23D81-B92C-4C4D-857F-9BF9D1365B86}.Release|Any CPU.ActiveCfg = Release|Any CPU
		{6EE23D81-B92C-4C4D-857F-9BF9D1365B86}.Release|Any CPU.Build.0 = Release|Any CPU
		{923DA1EB-5978-431E-86DB-BC94F23AE8F5}.Debug|Any CPU.ActiveCfg = Debug|Any CPU
		{923DA1EB-5978-431E-86DB-BC94F23AE8F5}.Debug|Any CPU.Build.0 = Debug|Any CPU
		{923DA1EB-5978-431E-86DB-BC94F23AE8F5}.Release|Any CPU.ActiveCfg = Release|Any CPU
		{923DA1EB-5978-431E-86DB-BC94F23AE8F5}.Release|Any CPU.Build.0 = Release|Any CPU
		{0272275F-4991-4899-A7AE-C6F218803A7C}.Debug|Any CPU.ActiveCfg = Debug|Any CPU
		{0272275F-4991-4899-A7AE-C6F218803A7C}.Debug|Any CPU.Build.0 = Debug|Any CPU
		{0272275F-4991-4899-A7AE-C6F218803A7C}.Release|Any CPU.ActiveCfg = Release|Any CPU
		{0272275F-4991-4899-A7AE-C6F218803A7C}.Release|Any CPU.Build.0 = Release|Any CPU
		{5A8805F4-82BA-49B4-850A-D9ABB0054CF6}.Debug|Any CPU.ActiveCfg = Debug|Any CPU
		{5A8805F4-82BA-49B4-850A-D9ABB0054CF6}.Debug|Any CPU.Build.0 = Debug|Any CPU
		{5A8805F4-82BA-49B4-850A-D9ABB0054CF6}.Release|Any CPU.ActiveCfg = Release|Any CPU
		{5A8805F4-82BA-49B4-850A-D9ABB0054CF6}.Release|Any CPU.Build.0 = Release|Any CPU
		{29D6EC36-7D19-4275-8D28-B40E3EC8FA37}.Debug|Any CPU.ActiveCfg = Debug|Any CPU
		{29D6EC36-7D19-4275-8D28-B40E3EC8FA37}.Debug|Any CPU.Build.0 = Debug|Any CPU
		{29D6EC36-7D19-4275-8D28-B40E3EC8FA37}.Release|Any CPU.ActiveCfg = Release|Any CPU
		{29D6EC36-7D19-4275-8D28-B40E3EC8FA37}.Release|Any CPU.Build.0 = Release|Any CPU
	EndGlobalSection
	GlobalSection(SolutionProperties) = preSolution
		HideSolutionNode = FALSE
	EndGlobalSection
	GlobalSection(NestedProjects) = preSolution
		{6EE23D81-B92C-4C4D-857F-9BF9D1365B86} = {9F3841BE-9874-482E-9915-F3C24F475510}
		{923DA1EB-5978-431E-86DB-BC94F23AE8F5} = {9F3841BE-9874-482E-9915-F3C24F475510}
		{0272275F-4991-4899-A7AE-C6F218803A7C} = {9F3841BE-9874-482E-9915-F3C24F475510}
		{5A8805F4-82BA-49B4-850A-D9ABB0054CF6} = {9F3841BE-9874-482E-9915-F3C24F475510}
		{786B3460-8B2B-4DED-9A13-BC697DC5D696} = {2A9F22C9-037A-423E-A51E-8D647BBBF9D1}
	EndGlobalSection
	GlobalSection(ExtensibilityGlobals) = postSolution
		SolutionGuid = {3C61DE40-AF02-4D96-82EA-9C4A07C61CB4}
	EndGlobalSection
EndGlobal
